
Microsoft Visual Studio Solution File, Format Version 12.00
# Visual Studio Version 17
VisualStudioVersion = 17.3.32825.248
MinimumVisualStudioVersion = 10.0.40219.1
Project("{FAE04EC0-301F-11D3-BF4B-00C04F79EFBC}") = "Mini Project (Country Travelliing Guide)", "Mini Project (Country Travelliing Guide)\Mini Project (Country Travelliing Guide).csproj", "{C7ED827F-DDBF-4E38-AF29-342668A3F102}"
EndProject
Global
	GlobalSection(SolutionConfigurationPlatforms) = preSolution
		Debug|Any CPU = Debug|Any CPU
		Release|Any CPU = Release|Any CPU
	EndGlobalSection
	GlobalSection(ProjectConfigurationPlatforms) = postSolution
		{C7ED827F-DDBF-4E38-AF29-342668A3F102}.Debug|Any CPU.ActiveCfg = Debug|Any CPU
		{C7ED827F-DDBF-4E38-AF29-342668A3F102}.Debug|Any CPU.Build.0 = Debug|Any CPU
		{C7ED827F-DDBF-4E38-AF29-342668A3F102}.Release|Any CPU.ActiveCfg = Release|Any CPU
		{C7ED827F-DDBF-4E38-AF29-342668A3F102}.Release|Any CPU.Build.0 = Release|Any CPU
	EndGlobalSection
	GlobalSection(SolutionProperties) = preSolution
		HideSolutionNode = FALSE
	EndGlobalSection
	GlobalSection(ExtensibilityGlobals) = postSolution
		SolutionGuid = {B0B0A162-9F2A-44E1-AE3B-99F3A30F9187}
	EndGlobalSection
EndGlobal
